// !$*UTF8*$!
{
	archiveVersion = 1;
	classes = {
	};
	objectVersion = 46;
	objects = {
/* Begin PBXBuildFile section */
		0207DA581B56EA530066E2B4 /* Images.xcassets in Resources */ = {isa = PBXBuildFile; fileRef = 0207DA571B56EA530066E2B4 /* Images.xcassets */; };
		1D3623260D0F684500981E51 /* AppDelegate.m in Sources */ = {isa = PBXBuildFile; fileRef = 1D3623250D0F684500981E51 /* AppDelegate.m */; };
		1D60589B0D05DD56006BFB54 /* main.m in Sources */ = {isa = PBXBuildFile; fileRef = 29B97316FDCFA39411CA2CEA /* main.m */; };
		301BF552109A68D80062928A /* libCordova.a in Frameworks */ = {isa = PBXBuildFile; fileRef = 301BF535109A57CC0062928A /* libCordova.a */; };
		302D95F114D2391D003F00A1 /* MainViewController.m in Sources */ = {isa = PBXBuildFile; fileRef = 302D95EF14D2391D003F00A1 /* MainViewController.m */; };
		302D95F214D2391D003F00A1 /* MainViewController.xib in Resources */ = {isa = PBXBuildFile; fileRef = 302D95F014D2391D003F00A1 /* MainViewController.xib */; };
		3047A5121AB8059700498E2A /* build-debug.xcconfig in Resources */ = {isa = PBXBuildFile; fileRef = 3047A50F1AB8059700498E2A /* build-debug.xcconfig */; };
		3047A5131AB8059700498E2A /* build-release.xcconfig in Resources */ = {isa = PBXBuildFile; fileRef = 3047A5101AB8059700498E2A /* build-release.xcconfig */; };
		3047A5141AB8059700498E2A /* build.xcconfig in Resources */ = {isa = PBXBuildFile; fileRef = 3047A5111AB8059700498E2A /* build.xcconfig */; };
		6AFF5BF91D6E424B00AB3073 /* CDVLaunchScreen.storyboard in Resources */ = {isa = PBXBuildFile; fileRef = 6AFF5BF81D6E424B00AB3073 /* CDVLaunchScreen.storyboard */; };
		82F59E4E87AB4EB4A01BFF32 /* CDVBattery.m in Sources */ = {isa = PBXBuildFile; fileRef = 3F4C585834E84493B794FD0A /* CDVBattery.m */; };
		4428C9AF2C4148899191F4F5 /* UIImage+CropScaleOrientation.m in Sources */ = {isa = PBXBuildFile; fileRef = DA06825052034431958ECA7A /* UIImage+CropScaleOrientation.m */; };
		674C7335064C4818B6D3FDFE /* CDVCamera.m in Sources */ = {isa = PBXBuildFile; fileRef = 21C9FB15F3524489BC9182AA /* CDVCamera.m */; };
		C91CB3F23C0C434B813D0892 /* CDVJpegHeaderWriter.m in Sources */ = {isa = PBXBuildFile; fileRef = 04E5946446D449939027B57D /* CDVJpegHeaderWriter.m */; };
		AAA296BDF00F4DFB8C9B114E /* ImageIO.framework in Frameworks */ = {isa = PBXBuildFile; fileRef = 2426D2ACB96B4594A64DE94C /* ImageIO.framework */; settings = {ATTRIBUTES = (Weak, ); }; };
		5C19C35ED1EE40E49C8885B8 /* CoreLocation.framework in Frameworks */ = {isa = PBXBuildFile; fileRef = BCBC3423A7DB404696E2E2F8 /* CoreLocation.framework */; };
		B6989303C5EF496BBD7C015A /* AVFoundation.framework in Frameworks */ = {isa = PBXBuildFile; fileRef = B307A3A4B77E464AAD4BE440 /* AVFoundation.framework */; };
		5B57C467A05049FD8DD83E2B /* CDVLogger.m in Sources */ = {isa = PBXBuildFile; fileRef = A30E93F7222D43DBAD6091BC /* CDVLogger.m */; };
		8489F7B753434AD3AFAD4326 /* CDVContacts.m in Sources */ = {isa = PBXBuildFile; fileRef = 2AF25C283E964ADE8FB7D614 /* CDVContacts.m */; };
		1051C26AAF0A4873BF9943B2 /* CDVContact.m in Sources */ = {isa = PBXBuildFile; fileRef = 0A3829BF1FFB4888821E501B /* CDVContact.m */; };
		C3A34549D4E8422CAF4D1733 /* AddressBook.framework in Frameworks */ = {isa = PBXBuildFile; fileRef = 299D23B855F64BFC8450BF90 /* AddressBook.framework */; settings = {ATTRIBUTES = (Weak, ); }; };
		BF3BE7E9116C4E5B877724CD /* AddressBookUI.framework in Frameworks */ = {isa = PBXBuildFile; fileRef = 03EB2CD0AE934F38B428F02E /* AddressBookUI.framework */; settings = {ATTRIBUTES = (Weak, ); }; };
		1D6D4E10B8204F17BF23C7E0 /* CDVDevice.m in Sources */ = {isa = PBXBuildFile; fileRef = 5C2FE2FC2FD34A50B743A127 /* CDVDevice.m */; };
		6FDB0F722DFE4109AC3445A4 /* libz.tbd in Frameworks */ = {isa = PBXBuildFile; fileRef = E8B6FC2989D64B2383E64752 /* libz.tbd */; };
		FCF44F02B8BA434D9AB0C8DD /* CDVAccelerometer.m in Sources */ = {isa = PBXBuildFile; fileRef = 84FA7E0B520943949E4B256E /* CDVAccelerometer.m */; };
		E8BE47994BA94F96B0E68ADE /* CoreMotion.framework in Frameworks */ = {isa = PBXBuildFile; fileRef = 37043D0C59EC40E8A5E23CD4 /* CoreMotion.framework */; };
		F8BF1005AAD3405EBDAE4292 /* CDVCompass.m in Sources */ = {isa = PBXBuildFile; fileRef = D41BDED1C7BA42A7BC9BB2D8 /* CDVCompass.m */; };
		D32763841DE94EC2A2EAE010 /* CDVNotification.m in Sources */ = {isa = PBXBuildFile; fileRef = 1BEEE4C6F3B343298BEFABF1 /* CDVNotification.m */; };
		55B22F1848C343D486CDF749 /* CDVNotification.bundle in Resources */ = {isa = PBXBuildFile; fileRef = 3DA811665E214B9BBAC04BCB /* CDVNotification.bundle */; };
		B97352AC65ED49DF8EDEC020 /* AudioToolbox.framework in Frameworks */ = {isa = PBXBuildFile; fileRef = EB81D885FF7844EB9B681834 /* AudioToolbox.framework */; settings = {ATTRIBUTES = (Weak, ); }; };
		A348F5342C6D40A081B44034 /* CDVFile.m in Sources */ = {isa = PBXBuildFile; fileRef = 7DD3E0B4035545B8B5BC5478 /* CDVFile.m */; };
		1B29A2C79D1D45F698A82F2F /* CDVLocalFilesystem.m in Sources */ = {isa = PBXBuildFile; fileRef = 7EF812DE28074C5994680FEE /* CDVLocalFilesystem.m */; };
		0FC47DE8747943C983C66422 /* CDVAssetLibraryFilesystem.m in Sources */ = {isa = PBXBuildFile; fileRef = 560CEFF8BC624E049E3F3382 /* CDVAssetLibraryFilesystem.m */; };
		3A79CC5A87C34B1A99BEF0E6 /* CDVFileTransfer.m in Sources */ = {isa = PBXBuildFile; fileRef = CA9F4892BB314B10985082E4 /* CDVFileTransfer.m */; };
		B014F1A90E6E425A9C6C5881 /* CDVLocation.m in Sources */ = {isa = PBXBuildFile; fileRef = 18AD8AA648EE4EC4B6A0272C /* CDVLocation.m */; };
		1DEDCB43ADC24A3BB50680C9 /* CDVGlobalization.m in Sources */ = {isa = PBXBuildFile; fileRef = C8BE62B700F64D1CB0F2C84C /* CDVGlobalization.m */; };
		444C022ACBD14B6E81A9F65A /* CDVInAppBrowser.m in Sources */ = {isa = PBXBuildFile; fileRef = 87DF2913C89E4F32B266FB75 /* CDVInAppBrowser.m */; };
		868E00568B6B42AE9200628F /* CDVSound.m in Sources */ = {isa = PBXBuildFile; fileRef = 86BEA38E820E498792FA25AA /* CDVSound.m */; };
		36C44CBF7BC04469BD2B47CE /* CDVCapture.m in Sources */ = {isa = PBXBuildFile; fileRef = 439A5A7700BB457EB7F66F45 /* CDVCapture.m */; };
		E4D309A6FEFB48D4BB938AAA /* CDVCapture.bundle in Resources */ = {isa = PBXBuildFile; fileRef = 7EF90961D6FA4031A8F6BCA0 /* CDVCapture.bundle */; };
		A2FFD09190BD4CF08DEAD8F4 /* CDVConnection.m in Sources */ = {isa = PBXBuildFile; fileRef = BB2B7814A0DD455BBDDCBD78 /* CDVConnection.m */; };
		158E972563DA4C6AA9EC2959 /* CDVReachability.m in Sources */ = {isa = PBXBuildFile; fileRef = A6F2576351DB4DB8A13D594C /* CDVReachability.m */; };
		08EB1453798049DB87D3FDDC /* SystemConfiguration.framework in Frameworks */ = {isa = PBXBuildFile; fileRef = 39366FA8A5F54A84BB2C4482 /* SystemConfiguration.framework */; settings = {ATTRIBUTES = (Weak, ); }; };
		E8FE19AE89B44D45B22E118E /* CoreTelephony.framework in Frameworks */ = {isa = PBXBuildFile; fileRef = D4DF4D57459441AE9A935F61 /* CoreTelephony.framework */; };
		49CD9F5B1C0248FDB357F423 /* CDVSplashScreen.m in Sources */ = {isa = PBXBuildFile; fileRef = 755EDBA7EF89477A9943D929 /* CDVSplashScreen.m */; };
		C5286613627C4464A7081C00 /* CDVViewController+SplashScreen.m in Sources */ = {isa = PBXBuildFile; fileRef = 1A14CE90E76D4154B2F78B19 /* CDVViewController+SplashScreen.m */; };
		EDFB1FB7055B4C808BD678B9 /* CDVStatusBar.m in Sources */ = {isa = PBXBuildFile; fileRef = 636088DB7A5D43CB9516161F /* CDVStatusBar.m */; };
		C6BFB53DC63249F8B7D39FDB /* CDVVibration.m in Sources */ = {isa = PBXBuildFile; fileRef = 1B91C3659E7B4FA0924C4A06 /* CDVVibration.m */; };
		52029CC67B3B477C94DC5ED9 /* Diagnostic.m in Sources */ = {isa = PBXBuildFile; fileRef = 2894FAA2C7264EF19E18F593 /* Diagnostic.m */; };
		D8584703AB9D4E83A66D7EFB /* CoreBluetooth.framework in Frameworks */ = {isa = PBXBuildFile; fileRef = 7E231CC6575B4CFBABCFEBC7 /* CoreBluetooth.framework */; };
		AF109F4F8A0646649BE3072A /* Photos.framework in Frameworks */ = {isa = PBXBuildFile; fileRef = B28FF5BB76F44DED9BE74CF9 /* Photos.framework */; };
		45CC41E51D10427E91E0C5A4 /* EventKit.framework in Frameworks */ = {isa = PBXBuildFile; fileRef = C10CD083F05E40DD9A45DBCB /* EventKit.framework */; };
		816CCFE6987E4383A21E1B34 /* Contacts.framework in Frameworks */ = {isa = PBXBuildFile; fileRef = A46BBE17E7854D42B6E451CD /* Contacts.framework */; };
		6E8EE8F0DA5A41329B3B5348 /* UserNotifications.framework in Frameworks */ = {isa = PBXBuildFile; fileRef = 21B4FC6CA3ED48DDA293AB9B /* UserNotifications.framework */; };
/* End PBXBuildFile section */

/* Begin PBXContainerItemProxy section */
		301BF534109A57CC0062928A /* PBXContainerItemProxy */ = {
			isa = PBXContainerItemProxy;
			containerPortal = 301BF52D109A57CC0062928A /* CordovaLib.xcodeproj */;
			proxyType = 2;
			remoteGlobalIDString = D2AAC07E0554694100DB518D;
			remoteInfo = CordovaLib;
		};
		301BF550109A68C00062928A /* PBXContainerItemProxy */ = {
			isa = PBXContainerItemProxy;
			containerPortal = 301BF52D109A57CC0062928A /* CordovaLib.xcodeproj */;
			proxyType = 1;
			remoteGlobalIDString = D2AAC07D0554694100DB518D;
			remoteInfo = CordovaLib;
		};
/* End PBXContainerItemProxy section */

/* Begin PBXFileReference section */
		0207DA571B56EA530066E2B4 /* Images.xcassets */ = {isa = PBXFileReference; lastKnownFileType = folder.assetcatalog; name = Images.xcassets; path = "Location Service Test/Images.xcassets"; sourceTree = SOURCE_ROOT; };
		1D3623240D0F684500981E51 /* AppDelegate.h */ = {isa = PBXFileReference; fileEncoding = 4; lastKnownFileType = sourcecode.c.h; path = AppDelegate.h; sourceTree = "<group>"; };
		1D3623250D0F684500981E51 /* AppDelegate.m */ = {isa = PBXFileReference; fileEncoding = 4; lastKnownFileType = sourcecode.c.objc; path = AppDelegate.m; sourceTree = "<group>"; };
		1D6058910D05DD3D006BFB54 /* Location Service Test.app */ = {isa = PBXFileReference; explicitFileType = wrapper.application; includeInIndex = 0; path = "Location Service Test.app"; sourceTree = BUILT_PRODUCTS_DIR; };
		29B97316FDCFA39411CA2CEA /* main.m */ = {isa = PBXFileReference; fileEncoding = 4; lastKnownFileType = sourcecode.c.objc; path = main.m; sourceTree = "<group>"; };
		301BF52D109A57CC0062928A /* CordovaLib.xcodeproj */ = {isa = PBXFileReference; lastKnownFileType = "wrapper.pb-project"; path = CordovaLib/CordovaLib.xcodeproj; sourceTree = "<group>"; };
		301BF56E109A69640062928A /* www */ = {isa = PBXFileReference; lastKnownFileType = folder; path = www; sourceTree = SOURCE_ROOT; };
		302D95EE14D2391D003F00A1 /* MainViewController.h */ = {isa = PBXFileReference; fileEncoding = 4; lastKnownFileType = sourcecode.c.h; path = MainViewController.h; sourceTree = "<group>"; };
		302D95EF14D2391D003F00A1 /* MainViewController.m */ = {isa = PBXFileReference; fileEncoding = 4; lastKnownFileType = sourcecode.c.objc; path = MainViewController.m; sourceTree = "<group>"; };
		302D95F014D2391D003F00A1 /* MainViewController.xib */ = {isa = PBXFileReference; fileEncoding = 4; lastKnownFileType = file.xib; path = MainViewController.xib; sourceTree = "<group>"; };
		3047A50F1AB8059700498E2A /* build-debug.xcconfig */ = {isa = PBXFileReference; fileEncoding = 4; lastKnownFileType = text.xcconfig; name = "build-debug.xcconfig"; path = cordova/build-debug.xcconfig; sourceTree = SOURCE_ROOT; };
		3047A5101AB8059700498E2A /* build-release.xcconfig */ = {isa = PBXFileReference; fileEncoding = 4; lastKnownFileType = text.xcconfig; name = "build-release.xcconfig"; path = cordova/build-release.xcconfig; sourceTree = SOURCE_ROOT; };
		3047A5111AB8059700498E2A /* build.xcconfig */ = {isa = PBXFileReference; fileEncoding = 4; lastKnownFileType = text.xcconfig; name = build.xcconfig; path = cordova/build.xcconfig; sourceTree = SOURCE_ROOT; };
		32CA4F630368D1EE00C91783 /* Location Service Test-Prefix.pch */ = {isa = PBXFileReference; fileEncoding = 4; lastKnownFileType = sourcecode.c.h; path = "Location Service Test-Prefix.pch"; sourceTree = "<group>"; };
		6AFF5BF81D6E424B00AB3073 /* CDVLaunchScreen.storyboard */ = {isa = PBXFileReference; fileEncoding = 4; lastKnownFileType = file.storyboard; name = CDVLaunchScreen.storyboard; path = "Location Service Test/CDVLaunchScreen.storyboard"; sourceTree = SOURCE_ROOT; };
		8D1107310486CEB800E47090 /* Location Service Test-Info.plist */ = {isa = PBXFileReference; fileEncoding = 4; lastKnownFileType = text.plist.xml; name = "Location Service Test-Info.plist"; path = "Location Service Test/Location Service Test-Info.plist"; plistStructureDefinitionIdentifier = "com.apple.xcode.plist.structure-definition.iphone.info-plist"; sourceTree = SOURCE_ROOT; };
		EB87FDF31871DA8E0020F90C /* www */ = {isa = PBXFileReference; lastKnownFileType = folder; name = www; path = ../../www; sourceTree = "<group>"; };
		EB87FDF41871DAF40020F90C /* config.xml */ = {isa = PBXFileReference; lastKnownFileType = text.xml; name = config.xml; path = ../../config.xml; sourceTree = "<group>"; };
		F840E1F0165FE0F500CFE078 /* config.xml */ = {isa = PBXFileReference; lastKnownFileType = text.xml; name = config.xml; path = "Location Service Test/config.xml"; sourceTree = "<group>"; };
		ED33DF2A687741AEAF9F8254 /* Bridging-Header.h */ = {isa = PBXFileReference; fileEncoding = 4; lastKnownFileType = sourcecode.c.h; name = "Bridging-Header.h"; path = "Bridging-Header.h"; sourceTree = "<group>"; };
		3F4C585834E84493B794FD0A /* CDVBattery.m */ = {isa = PBXFileReference; name = "CDVBattery.m"; path = "cordova-plugin-battery-status/CDVBattery.m"; sourceTree = "<group>"; fileEncoding = 4; lastKnownFileType = sourcecode.c.objc; explicitFileType = undefined; includeInIndex = 0; };
		5CF562830BEB4B4FA9F25201 /* CDVBattery.h */ = {isa = PBXFileReference; name = "CDVBattery.h"; path = "cordova-plugin-battery-status/CDVBattery.h"; sourceTree = "<group>"; fileEncoding = 4; lastKnownFileType = sourcecode.c.h; explicitFileType = undefined; includeInIndex = 0; };
		DA06825052034431958ECA7A /* UIImage+CropScaleOrientation.m */ = {isa = PBXFileReference; name = "UIImage+CropScaleOrientation.m"; path = "cordova-plugin-camera/UIImage+CropScaleOrientation.m"; sourceTree = "<group>"; fileEncoding = 4; lastKnownFileType = sourcecode.c.objc; explicitFileType = undefined; includeInIndex = 0; };
		21C9FB15F3524489BC9182AA /* CDVCamera.m */ = {isa = PBXFileReference; name = "CDVCamera.m"; path = "cordova-plugin-camera/CDVCamera.m"; sourceTree = "<group>"; fileEncoding = 4; lastKnownFileType = sourcecode.c.objc; explicitFileType = undefined; includeInIndex = 0; };
		04E5946446D449939027B57D /* CDVJpegHeaderWriter.m */ = {isa = PBXFileReference; name = "CDVJpegHeaderWriter.m"; path = "cordova-plugin-camera/CDVJpegHeaderWriter.m"; sourceTree = "<group>"; fileEncoding = 4; lastKnownFileType = sourcecode.c.objc; explicitFileType = undefined; includeInIndex = 0; };
		3BE2095749644E8FB332914B /* UIImage+CropScaleOrientation.h */ = {isa = PBXFileReference; name = "UIImage+CropScaleOrientation.h"; path = "cordova-plugin-camera/UIImage+CropScaleOrientation.h"; sourceTree = "<group>"; fileEncoding = 4; lastKnownFileType = sourcecode.c.h; explicitFileType = undefined; includeInIndex = 0; };
		6098AD4337194FD0A5171E7E /* CDVCamera.h */ = {isa = PBXFileReference; name = "CDVCamera.h"; path = "cordova-plugin-camera/CDVCamera.h"; sourceTree = "<group>"; fileEncoding = 4; lastKnownFileType = sourcecode.c.h; explicitFileType = undefined; includeInIndex = 0; };
		B3C605CBD9A04A25BF7AD852 /* CDVJpegHeaderWriter.h */ = {isa = PBXFileReference; name = "CDVJpegHeaderWriter.h"; path = "cordova-plugin-camera/CDVJpegHeaderWriter.h"; sourceTree = "<group>"; fileEncoding = 4; lastKnownFileType = sourcecode.c.h; explicitFileType = undefined; includeInIndex = 0; };
		53424D3440494CB783DF755F /* CDVExif.h */ = {isa = PBXFileReference; name = "CDVExif.h"; path = "cordova-plugin-camera/CDVExif.h"; sourceTree = "<group>"; fileEncoding = 4; lastKnownFileType = sourcecode.c.h; explicitFileType = undefined; includeInIndex = 0; };
		2426D2ACB96B4594A64DE94C /* ImageIO.framework */ = {isa = PBXFileReference; name = "ImageIO.framework"; path = "System/Library/Frameworks/ImageIO.framework"; sourceTree = SDKROOT; fileEncoding = undefined; lastKnownFileType = wrapper.framework; explicitFileType = undefined; includeInIndex = 0; };
		BCBC3423A7DB404696E2E2F8 /* CoreLocation.framework */ = {isa = PBXFileReference; name = "CoreLocation.framework"; path = "System/Library/Frameworks/CoreLocation.framework"; sourceTree = SDKROOT; fileEncoding = undefined; lastKnownFileType = wrapper.framework; explicitFileType = undefined; includeInIndex = 0; };
		B307A3A4B77E464AAD4BE440 /* AVFoundation.framework */ = {isa = PBXFileReference; name = "AVFoundation.framework"; path = "System/Library/Frameworks/AVFoundation.framework"; sourceTree = SDKROOT; fileEncoding = undefined; lastKnownFileType = wrapper.framework; explicitFileType = undefined; includeInIndex = 0; };
		A30E93F7222D43DBAD6091BC /* CDVLogger.m */ = {isa = PBXFileReference; name = "CDVLogger.m"; path = "cordova-plugin-console/CDVLogger.m"; sourceTree = "<group>"; fileEncoding = 4; lastKnownFileType = sourcecode.c.objc; explicitFileType = undefined; includeInIndex = 0; };
		4CC38CC55A52446DB6F7B50B /* CDVLogger.h */ = {isa = PBXFileReference; name = "CDVLogger.h"; path = "cordova-plugin-console/CDVLogger.h"; sourceTree = "<group>"; fileEncoding = 4; lastKnownFileType = sourcecode.c.h; explicitFileType = undefined; includeInIndex = 0; };
		2AF25C283E964ADE8FB7D614 /* CDVContacts.m */ = {isa = PBXFileReference; name = "CDVContacts.m"; path = "cordova-plugin-contacts/CDVContacts.m"; sourceTree = "<group>"; fileEncoding = 4; lastKnownFileType = sourcecode.c.objc; explicitFileType = undefined; includeInIndex = 0; };
		0A3829BF1FFB4888821E501B /* CDVContact.m */ = {isa = PBXFileReference; name = "CDVContact.m"; path = "cordova-plugin-contacts/CDVContact.m"; sourceTree = "<group>"; fileEncoding = 4; lastKnownFileType = sourcecode.c.objc; explicitFileType = undefined; includeInIndex = 0; };
		8084103D869C4776AD7838ED /* CDVContacts.h */ = {isa = PBXFileReference; name = "CDVContacts.h"; path = "cordova-plugin-contacts/CDVContacts.h"; sourceTree = "<group>"; fileEncoding = 4; lastKnownFileType = sourcecode.c.h; explicitFileType = undefined; includeInIndex = 0; };
		D1F386FB09794EC5834800C6 /* CDVContact.h */ = {isa = PBXFileReference; name = "CDVContact.h"; path = "cordova-plugin-contacts/CDVContact.h"; sourceTree = "<group>"; fileEncoding = 4; lastKnownFileType = sourcecode.c.h; explicitFileType = undefined; includeInIndex = 0; };
		299D23B855F64BFC8450BF90 /* AddressBook.framework */ = {isa = PBXFileReference; name = "AddressBook.framework"; path = "System/Library/Frameworks/AddressBook.framework"; sourceTree = SDKROOT; fileEncoding = undefined; lastKnownFileType = wrapper.framework; explicitFileType = undefined; includeInIndex = 0; };
		03EB2CD0AE934F38B428F02E /* AddressBookUI.framework */ = {isa = PBXFileReference; name = "AddressBookUI.framework"; path = "System/Library/Frameworks/AddressBookUI.framework"; sourceTree = SDKROOT; fileEncoding = undefined; lastKnownFileType = wrapper.framework; explicitFileType = undefined; includeInIndex = 0; };
		5C2FE2FC2FD34A50B743A127 /* CDVDevice.m */ = {isa = PBXFileReference; name = "CDVDevice.m"; path = "cordova-plugin-device/CDVDevice.m"; sourceTree = "<group>"; fileEncoding = 4; lastKnownFileType = sourcecode.c.objc; explicitFileType = undefined; includeInIndex = 0; };
		396CA20C718A41348F9D3681 /* CDVDevice.h */ = {isa = PBXFileReference; name = "CDVDevice.h"; path = "cordova-plugin-device/CDVDevice.h"; sourceTree = "<group>"; fileEncoding = 4; lastKnownFileType = sourcecode.c.h; explicitFileType = undefined; includeInIndex = 0; };
		E8B6FC2989D64B2383E64752 /* libz.tbd */ = {isa = PBXFileReference; name = "libz.tbd"; path = "usr/lib/libz.tbd"; sourceTree = SDKROOT; fileEncoding = undefined; lastKnownFileType = sourcecode.text-based-dylib-definition; explicitFileType = undefined; includeInIndex = 0; };
		84FA7E0B520943949E4B256E /* CDVAccelerometer.m */ = {isa = PBXFileReference; name = "CDVAccelerometer.m"; path = "cordova-plugin-device-motion/CDVAccelerometer.m"; sourceTree = "<group>"; fileEncoding = 4; lastKnownFileType = sourcecode.c.objc; explicitFileType = undefined; includeInIndex = 0; };
		148EEFD9C56E4BBFA582943D /* CDVAccelerometer.h */ = {isa = PBXFileReference; name = "CDVAccelerometer.h"; path = "cordova-plugin-device-motion/CDVAccelerometer.h"; sourceTree = "<group>"; fileEncoding = 4; lastKnownFileType = sourcecode.c.h; explicitFileType = undefined; includeInIndex = 0; };
		37043D0C59EC40E8A5E23CD4 /* CoreMotion.framework */ = {isa = PBXFileReference; name = "CoreMotion.framework"; path = "System/Library/Frameworks/CoreMotion.framework"; sourceTree = SDKROOT; fileEncoding = undefined; lastKnownFileType = wrapper.framework; explicitFileType = undefined; includeInIndex = 0; };
		D41BDED1C7BA42A7BC9BB2D8 /* CDVCompass.m */ = {isa = PBXFileReference; name = "CDVCompass.m"; path = "cordova-plugin-device-orientation/CDVCompass.m"; sourceTree = "<group>"; fileEncoding = 4; lastKnownFileType = sourcecode.c.objc; explicitFileType = undefined; includeInIndex = 0; };
		518AFE9557964DF3B7707C54 /* CDVCompass.h */ = {isa = PBXFileReference; name = "CDVCompass.h"; path = "cordova-plugin-device-orientation/CDVCompass.h"; sourceTree = "<group>"; fileEncoding = 4; lastKnownFileType = sourcecode.c.h; explicitFileType = undefined; includeInIndex = 0; };
		1BEEE4C6F3B343298BEFABF1 /* CDVNotification.m */ = {isa = PBXFileReference; name = "CDVNotification.m"; path = "cordova-plugin-dialogs/CDVNotification.m"; sourceTree = "<group>"; fileEncoding = 4; lastKnownFileType = sourcecode.c.objc; explicitFileType = undefined; includeInIndex = 0; };
		E1DBD6500FED4FF28DEA7804 /* CDVNotification.h */ = {isa = PBXFileReference; name = "CDVNotification.h"; path = "cordova-plugin-dialogs/CDVNotification.h"; sourceTree = "<group>"; fileEncoding = 4; lastKnownFileType = sourcecode.c.h; explicitFileType = undefined; includeInIndex = 0; };
		3DA811665E214B9BBAC04BCB /* CDVNotification.bundle */ = {isa = PBXFileReference; name = "CDVNotification.bundle"; path = "CDVNotification.bundle"; sourceTree = "<group>"; fileEncoding = undefined; lastKnownFileType = wrapper.plug-in; explicitFileType = undefined; includeInIndex = 0; };
		EB81D885FF7844EB9B681834 /* AudioToolbox.framework */ = {isa = PBXFileReference; name = "AudioToolbox.framework"; path = "System/Library/Frameworks/AudioToolbox.framework"; sourceTree = SDKROOT; fileEncoding = undefined; lastKnownFileType = wrapper.framework; explicitFileType = undefined; includeInIndex = 0; };
		7DD3E0B4035545B8B5BC5478 /* CDVFile.m */ = {isa = PBXFileReference; name = "CDVFile.m"; path = "cordova-plugin-file/CDVFile.m"; sourceTree = "<group>"; fileEncoding = 4; lastKnownFileType = sourcecode.c.objc; explicitFileType = undefined; includeInIndex = 0; };
		7EF812DE28074C5994680FEE /* CDVLocalFilesystem.m */ = {isa = PBXFileReference; name = "CDVLocalFilesystem.m"; path = "cordova-plugin-file/CDVLocalFilesystem.m"; sourceTree = "<group>"; fileEncoding = 4; lastKnownFileType = sourcecode.c.objc; explicitFileType = undefined; includeInIndex = 0; };
		560CEFF8BC624E049E3F3382 /* CDVAssetLibraryFilesystem.m */ = {isa = PBXFileReference; name = "CDVAssetLibraryFilesystem.m"; path = "cordova-plugin-file/CDVAssetLibraryFilesystem.m"; sourceTree = "<group>"; fileEncoding = 4; lastKnownFileType = sourcecode.c.objc; explicitFileType = undefined; includeInIndex = 0; };
		154FB62C59EE4B6BB548E97C /* CDVFile.h */ = {isa = PBXFileReference; name = "CDVFile.h"; path = "cordova-plugin-file/CDVFile.h"; sourceTree = "<group>"; fileEncoding = 4; lastKnownFileType = sourcecode.c.h; explicitFileType = undefined; includeInIndex = 0; };
		51EB25E9BD774A4DA2A016AA /* CDVLocalFilesystem.h */ = {isa = PBXFileReference; name = "CDVLocalFilesystem.h"; path = "cordova-plugin-file/CDVLocalFilesystem.h"; sourceTree = "<group>"; fileEncoding = 4; lastKnownFileType = sourcecode.c.h; explicitFileType = undefined; includeInIndex = 0; };
		99F51D3FAF7B4498BDC0229D /* CDVAssetLibraryFilesystem.h */ = {isa = PBXFileReference; name = "CDVAssetLibraryFilesystem.h"; path = "cordova-plugin-file/CDVAssetLibraryFilesystem.h"; sourceTree = "<group>"; fileEncoding = 4; lastKnownFileType = sourcecode.c.h; explicitFileType = undefined; includeInIndex = 0; };
		CA9F4892BB314B10985082E4 /* CDVFileTransfer.m */ = {isa = PBXFileReference; name = "CDVFileTransfer.m"; path = "cordova-plugin-file-transfer/CDVFileTransfer.m"; sourceTree = "<group>"; fileEncoding = 4; lastKnownFileType = sourcecode.c.objc; explicitFileType = undefined; includeInIndex = 0; };
		16764976E621488C921AE824 /* CDVFileTransfer.h */ = {isa = PBXFileReference; name = "CDVFileTransfer.h"; path = "cordova-plugin-file-transfer/CDVFileTransfer.h"; sourceTree = "<group>"; fileEncoding = 4; lastKnownFileType = sourcecode.c.h; explicitFileType = undefined; includeInIndex = 0; };
		18AD8AA648EE4EC4B6A0272C /* CDVLocation.m */ = {isa = PBXFileReference; name = "CDVLocation.m"; path = "cordova-plugin-geolocation/CDVLocation.m"; sourceTree = "<group>"; fileEncoding = 4; lastKnownFileType = sourcecode.c.objc; explicitFileType = undefined; includeInIndex = 0; };
		FD3A9EBB30D14C6CB2DC804E /* CDVLocation.h */ = {isa = PBXFileReference; name = "CDVLocation.h"; path = "cordova-plugin-geolocation/CDVLocation.h"; sourceTree = "<group>"; fileEncoding = 4; lastKnownFileType = sourcecode.c.h; explicitFileType = undefined; includeInIndex = 0; };
		C8BE62B700F64D1CB0F2C84C /* CDVGlobalization.m */ = {isa = PBXFileReference; name = "CDVGlobalization.m"; path = "cordova-plugin-globalization/CDVGlobalization.m"; sourceTree = "<group>"; fileEncoding = 4; lastKnownFileType = sourcecode.c.objc; explicitFileType = undefined; includeInIndex = 0; };
		283F86B937D245369D6ADAD1 /* CDVGlobalization.h */ = {isa = PBXFileReference; name = "CDVGlobalization.h"; path = "cordova-plugin-globalization/CDVGlobalization.h"; sourceTree = "<group>"; fileEncoding = 4; lastKnownFileType = sourcecode.c.h; explicitFileType = undefined; includeInIndex = 0; };
		87DF2913C89E4F32B266FB75 /* CDVInAppBrowser.m */ = {isa = PBXFileReference; name = "CDVInAppBrowser.m"; path = "cordova-plugin-inappbrowser/CDVInAppBrowser.m"; sourceTree = "<group>"; fileEncoding = 4; lastKnownFileType = sourcecode.c.objc; explicitFileType = undefined; includeInIndex = 0; };
		E17138E8B7494D1588C97A1C /* CDVInAppBrowser.h */ = {isa = PBXFileReference; name = "CDVInAppBrowser.h"; path = "cordova-plugin-inappbrowser/CDVInAppBrowser.h"; sourceTree = "<group>"; fileEncoding = 4; lastKnownFileType = sourcecode.c.h; explicitFileType = undefined; includeInIndex = 0; };
		86BEA38E820E498792FA25AA /* CDVSound.m */ = {isa = PBXFileReference; name = "CDVSound.m"; path = "cordova-plugin-media/CDVSound.m"; sourceTree = "<group>"; fileEncoding = 4; lastKnownFileType = sourcecode.c.objc; explicitFileType = undefined; includeInIndex = 0; };
		500208113AB848EDB149B36F /* CDVSound.h */ = {isa = PBXFileReference; name = "CDVSound.h"; path = "cordova-plugin-media/CDVSound.h"; sourceTree = "<group>"; fileEncoding = 4; lastKnownFileType = sourcecode.c.h; explicitFileType = undefined; includeInIndex = 0; };
		439A5A7700BB457EB7F66F45 /* CDVCapture.m */ = {isa = PBXFileReference; name = "CDVCapture.m"; path = "cordova-plugin-media-capture/CDVCapture.m"; sourceTree = "<group>"; fileEncoding = 4; lastKnownFileType = sourcecode.c.objc; explicitFileType = undefined; includeInIndex = 0; };
		8C99429B6CDF4FFDB634AF0D /* CDVCapture.h */ = {isa = PBXFileReference; name = "CDVCapture.h"; path = "cordova-plugin-media-capture/CDVCapture.h"; sourceTree = "<group>"; fileEncoding = 4; lastKnownFileType = sourcecode.c.h; explicitFileType = undefined; includeInIndex = 0; };
		7EF90961D6FA4031A8F6BCA0 /* CDVCapture.bundle */ = {isa = PBXFileReference; name = "CDVCapture.bundle"; path = "CDVCapture.bundle"; sourceTree = "<group>"; fileEncoding = undefined; lastKnownFileType = wrapper.plug-in; explicitFileType = undefined; includeInIndex = 0; };
		BB2B7814A0DD455BBDDCBD78 /* CDVConnection.m */ = {isa = PBXFileReference; name = "CDVConnection.m"; path = "cordova-plugin-network-information/CDVConnection.m"; sourceTree = "<group>"; fileEncoding = 4; lastKnownFileType = sourcecode.c.objc; explicitFileType = undefined; includeInIndex = 0; };
		A6F2576351DB4DB8A13D594C /* CDVReachability.m */ = {isa = PBXFileReference; name = "CDVReachability.m"; path = "cordova-plugin-network-information/CDVReachability.m"; sourceTree = "<group>"; fileEncoding = 4; lastKnownFileType = sourcecode.c.objc; explicitFileType = undefined; includeInIndex = 0; };
		AAEBD39EDDCC44C392369070 /* CDVConnection.h */ = {isa = PBXFileReference; name = "CDVConnection.h"; path = "cordova-plugin-network-information/CDVConnection.h"; sourceTree = "<group>"; fileEncoding = 4; lastKnownFileType = sourcecode.c.h; explicitFileType = undefined; includeInIndex = 0; };
		1CAD9E0736AD4A3A81A1C515 /* CDVReachability.h */ = {isa = PBXFileReference; name = "CDVReachability.h"; path = "cordova-plugin-network-information/CDVReachability.h"; sourceTree = "<group>"; fileEncoding = 4; lastKnownFileType = sourcecode.c.h; explicitFileType = undefined; includeInIndex = 0; };
		39366FA8A5F54A84BB2C4482 /* SystemConfiguration.framework */ = {isa = PBXFileReference; name = "SystemConfiguration.framework"; path = "System/Library/Frameworks/SystemConfiguration.framework"; sourceTree = SDKROOT; fileEncoding = undefined; lastKnownFileType = wrapper.framework; explicitFileType = undefined; includeInIndex = 0; };
		D4DF4D57459441AE9A935F61 /* CoreTelephony.framework */ = {isa = PBXFileReference; name = "CoreTelephony.framework"; path = "System/Library/Frameworks/CoreTelephony.framework"; sourceTree = SDKROOT; fileEncoding = undefined; lastKnownFileType = wrapper.framework; explicitFileType = undefined; includeInIndex = 0; };
		755EDBA7EF89477A9943D929 /* CDVSplashScreen.m */ = {isa = PBXFileReference; name = "CDVSplashScreen.m"; path = "cordova-plugin-splashscreen/CDVSplashScreen.m"; sourceTree = "<group>"; fileEncoding = 4; lastKnownFileType = sourcecode.c.objc; explicitFileType = undefined; includeInIndex = 0; };
		1A14CE90E76D4154B2F78B19 /* CDVViewController+SplashScreen.m */ = {isa = PBXFileReference; name = "CDVViewController+SplashScreen.m"; path = "cordova-plugin-splashscreen/CDVViewController+SplashScreen.m"; sourceTree = "<group>"; fileEncoding = 4; lastKnownFileType = sourcecode.c.objc; explicitFileType = undefined; includeInIndex = 0; };
		71CC3B1369574BB2B741793A /* CDVSplashScreen.h */ = {isa = PBXFileReference; name = "CDVSplashScreen.h"; path = "cordova-plugin-splashscreen/CDVSplashScreen.h"; sourceTree = "<group>"; fileEncoding = 4; lastKnownFileType = sourcecode.c.h; explicitFileType = undefined; includeInIndex = 0; };
		B671EBAC4276404CA021A5BF /* CDVViewController+SplashScreen.h */ = {isa = PBXFileReference; name = "CDVViewController+SplashScreen.h"; path = "cordova-plugin-splashscreen/CDVViewController+SplashScreen.h"; sourceTree = "<group>"; fileEncoding = 4; lastKnownFileType = sourcecode.c.h; explicitFileType = undefined; includeInIndex = 0; };
		636088DB7A5D43CB9516161F /* CDVStatusBar.m */ = {isa = PBXFileReference; name = "CDVStatusBar.m"; path = "cordova-plugin-statusbar/CDVStatusBar.m"; sourceTree = "<group>"; fileEncoding = 4; lastKnownFileType = sourcecode.c.objc; explicitFileType = undefined; includeInIndex = 0; };
		06FDAE8831C64634A077482D /* CDVStatusBar.h */ = {isa = PBXFileReference; name = "CDVStatusBar.h"; path = "cordova-plugin-statusbar/CDVStatusBar.h"; sourceTree = "<group>"; fileEncoding = 4; lastKnownFileType = sourcecode.c.h; explicitFileType = undefined; includeInIndex = 0; };
		1B91C3659E7B4FA0924C4A06 /* CDVVibration.m */ = {isa = PBXFileReference; name = "CDVVibration.m"; path = "cordova-plugin-vibration/CDVVibration.m"; sourceTree = "<group>"; fileEncoding = 4; lastKnownFileType = sourcecode.c.objc; explicitFileType = undefined; includeInIndex = 0; };
		5495D8055054487EB528F445 /* CDVVibration.h */ = {isa = PBXFileReference; name = "CDVVibration.h"; path = "cordova-plugin-vibration/CDVVibration.h"; sourceTree = "<group>"; fileEncoding = 4; lastKnownFileType = sourcecode.c.h; explicitFileType = undefined; includeInIndex = 0; };
		2894FAA2C7264EF19E18F593 /* Diagnostic.m */ = {isa = PBXFileReference; name = "Diagnostic.m"; path = "cordova.plugins.diagnostic/Diagnostic.m"; sourceTree = "<group>"; fileEncoding = 4; lastKnownFileType = sourcecode.c.objc; explicitFileType = undefined; includeInIndex = 0; };
		9B6F0BDE13DB4AACA5A729CA /* Diagnostic.h */ = {isa = PBXFileReference; name = "Diagnostic.h"; path = "cordova.plugins.diagnostic/Diagnostic.h"; sourceTree = "<group>"; fileEncoding = 4; lastKnownFileType = sourcecode.c.h; explicitFileType = undefined; includeInIndex = 0; };
		7E231CC6575B4CFBABCFEBC7 /* CoreBluetooth.framework */ = {isa = PBXFileReference; name = "CoreBluetooth.framework"; path = "System/Library/Frameworks/CoreBluetooth.framework"; sourceTree = SDKROOT; fileEncoding = undefined; lastKnownFileType = wrapper.framework; explicitFileType = undefined; includeInIndex = 0; };
		B28FF5BB76F44DED9BE74CF9 /* Photos.framework */ = {isa = PBXFileReference; name = "Photos.framework"; path = "System/Library/Frameworks/Photos.framework"; sourceTree = SDKROOT; fileEncoding = undefined; lastKnownFileType = wrapper.framework; explicitFileType = undefined; includeInIndex = 0; };
		C10CD083F05E40DD9A45DBCB /* EventKit.framework */ = {isa = PBXFileReference; name = "EventKit.framework"; path = "System/Library/Frameworks/EventKit.framework"; sourceTree = SDKROOT; fileEncoding = undefined; lastKnownFileType = wrapper.framework; explicitFileType = undefined; includeInIndex = 0; };
		A46BBE17E7854D42B6E451CD /* Contacts.framework */ = {isa = PBXFileReference; name = "Contacts.framework"; path = "System/Library/Frameworks/Contacts.framework"; sourceTree = SDKROOT; fileEncoding = undefined; lastKnownFileType = wrapper.framework; explicitFileType = undefined; includeInIndex = 0; };
		21B4FC6CA3ED48DDA293AB9B /* UserNotifications.framework */ = {isa = PBXFileReference; name = "UserNotifications.framework"; path = "System/Library/Frameworks/UserNotifications.framework"; sourceTree = SDKROOT; fileEncoding = undefined; lastKnownFileType = wrapper.framework; explicitFileType = undefined; includeInIndex = 0; };
/* End PBXFileReference section */

/* Begin PBXFrameworksBuildPhase section */
		1D60588F0D05DD3D006BFB54 /* Frameworks */ = {
			isa = PBXFrameworksBuildPhase;
			buildActionMask = 2147483647;
			files = (
				301BF552109A68D80062928A /* libCordova.a in Frameworks */,
				AAA296BDF00F4DFB8C9B114E /* ImageIO.framework in Frameworks */,
				5C19C35ED1EE40E49C8885B8 /* CoreLocation.framework in Frameworks */,
				B6989303C5EF496BBD7C015A /* AVFoundation.framework in Frameworks */,
				C3A34549D4E8422CAF4D1733 /* AddressBook.framework in Frameworks */,
				BF3BE7E9116C4E5B877724CD /* AddressBookUI.framework in Frameworks */,
				6FDB0F722DFE4109AC3445A4 /* libz.tbd in Frameworks */,
				E8BE47994BA94F96B0E68ADE /* CoreMotion.framework in Frameworks */,
				B97352AC65ED49DF8EDEC020 /* AudioToolbox.framework in Frameworks */,
				08EB1453798049DB87D3FDDC /* SystemConfiguration.framework in Frameworks */,
				E8FE19AE89B44D45B22E118E /* CoreTelephony.framework in Frameworks */,
				D8584703AB9D4E83A66D7EFB /* CoreBluetooth.framework in Frameworks */,
				AF109F4F8A0646649BE3072A /* Photos.framework in Frameworks */,
				45CC41E51D10427E91E0C5A4 /* EventKit.framework in Frameworks */,
				816CCFE6987E4383A21E1B34 /* Contacts.framework in Frameworks */,
				6E8EE8F0DA5A41329B3B5348 /* UserNotifications.framework in Frameworks */,
			);
			runOnlyForDeploymentPostprocessing = 0;
		};
/* End PBXFrameworksBuildPhase section */

/* Begin PBXGroup section */
		080E96DDFE201D6D7F000001 /* Classes */ = {
			isa = PBXGroup;
			children = (
				302D95EE14D2391D003F00A1 /* MainViewController.h */,
				302D95EF14D2391D003F00A1 /* MainViewController.m */,
				302D95F014D2391D003F00A1 /* MainViewController.xib */,
				1D3623240D0F684500981E51 /* AppDelegate.h */,
				1D3623250D0F684500981E51 /* AppDelegate.m */,
			);
			name = Classes;
			path = "Location Service Test/Classes";
			sourceTree = SOURCE_ROOT;
		};
		19C28FACFE9D520D11CA2CBB /* Products */ = {
			isa = PBXGroup;
			children = (
				1D6058910D05DD3D006BFB54 /* Location Service Test.app */,
			);
			name = Products;
			sourceTree = "<group>";
		};
		29B97314FDCFA39411CA2CEA /* CustomTemplate */ = {
			isa = PBXGroup;
			children = (
				EB87FDF41871DAF40020F90C /* config.xml */,
				EB87FDF31871DA8E0020F90C /* www */,
				EB87FDF11871DA420020F90C /* Staging */,
				301BF52D109A57CC0062928A /* CordovaLib.xcodeproj */,
				080E96DDFE201D6D7F000001 /* Classes */,
				307C750510C5A3420062BCA9 /* Plugins */,
				29B97315FDCFA39411CA2CEA /* Other Sources */,
				29B97317FDCFA39411CA2CEA /* Resources */,
				29B97323FDCFA39411CA2CEA /* Frameworks */,
				19C28FACFE9D520D11CA2CBB /* Products */,
			);
			name = CustomTemplate;
			sourceTree = "<group>";
		};
		29B97315FDCFA39411CA2CEA /* Other Sources */ = {
			isa = PBXGroup;
			children = (
				32CA4F630368D1EE00C91783 /* Location Service Test-Prefix.pch */,
				29B97316FDCFA39411CA2CEA /* main.m */,
				ED33DF2A687741AEAF9F8254 /* Bridging-Header.h */,
			);
			name = "Other Sources";
			path = "Location Service Test";
			sourceTree = "<group>";
		};
		29B97317FDCFA39411CA2CEA /* Resources */ = {
			isa = PBXGroup;
			children = (
				0207DA571B56EA530066E2B4 /* Images.xcassets */,
				3047A50E1AB8057F00498E2A /* config */,
				8D1107310486CEB800E47090 /* Location Service Test-Info.plist */,
				6AFF5BF81D6E424B00AB3073 /* CDVLaunchScreen.storyboard */,
				3DA811665E214B9BBAC04BCB /* CDVNotification.bundle */,
				7EF90961D6FA4031A8F6BCA0 /* CDVCapture.bundle */,
			);
			name = Resources;
			path = "Location Service Test/Resources";
			sourceTree = "<group>";
		};
		29B97323FDCFA39411CA2CEA /* Frameworks */ = {
			isa = PBXGroup;
			children = (
				2426D2ACB96B4594A64DE94C /* ImageIO.framework */,
				BCBC3423A7DB404696E2E2F8 /* CoreLocation.framework */,
				B307A3A4B77E464AAD4BE440 /* AVFoundation.framework */,
				299D23B855F64BFC8450BF90 /* AddressBook.framework */,
				03EB2CD0AE934F38B428F02E /* AddressBookUI.framework */,
				E8B6FC2989D64B2383E64752 /* libz.tbd */,
				37043D0C59EC40E8A5E23CD4 /* CoreMotion.framework */,
				EB81D885FF7844EB9B681834 /* AudioToolbox.framework */,
				39366FA8A5F54A84BB2C4482 /* SystemConfiguration.framework */,
				D4DF4D57459441AE9A935F61 /* CoreTelephony.framework */,
				7E231CC6575B4CFBABCFEBC7 /* CoreBluetooth.framework */,
				B28FF5BB76F44DED9BE74CF9 /* Photos.framework */,
				C10CD083F05E40DD9A45DBCB /* EventKit.framework */,
				A46BBE17E7854D42B6E451CD /* Contacts.framework */,
				21B4FC6CA3ED48DDA293AB9B /* UserNotifications.framework */,
			);
			name = Frameworks;
			sourceTree = "<group>";
		};
		301BF52E109A57CC0062928A /* Products */ = {
			isa = PBXGroup;
			children = (
				301BF535109A57CC0062928A /* libCordova.a */,
			);
			name = Products;
			sourceTree = "<group>";
		};
		3047A50E1AB8057F00498E2A /* config */ = {
			isa = PBXGroup;
			children = (
				3047A50F1AB8059700498E2A /* build-debug.xcconfig */,
				3047A5101AB8059700498E2A /* build-release.xcconfig */,
				3047A5111AB8059700498E2A /* build.xcconfig */,
			);
			name = config;
			sourceTree = "<group>";
		};
		307C750510C5A3420062BCA9 /* Plugins */ = {
			isa = PBXGroup;
			children = (
				3F4C585834E84493B794FD0A /* CDVBattery.m */,
				5CF562830BEB4B4FA9F25201 /* CDVBattery.h */,
				DA06825052034431958ECA7A /* UIImage+CropScaleOrientation.m */,
				21C9FB15F3524489BC9182AA /* CDVCamera.m */,
				04E5946446D449939027B57D /* CDVJpegHeaderWriter.m */,
				3BE2095749644E8FB332914B /* UIImage+CropScaleOrientation.h */,
				6098AD4337194FD0A5171E7E /* CDVCamera.h */,
				B3C605CBD9A04A25BF7AD852 /* CDVJpegHeaderWriter.h */,
				53424D3440494CB783DF755F /* CDVExif.h */,
				A30E93F7222D43DBAD6091BC /* CDVLogger.m */,
				4CC38CC55A52446DB6F7B50B /* CDVLogger.h */,
				2AF25C283E964ADE8FB7D614 /* CDVContacts.m */,
				0A3829BF1FFB4888821E501B /* CDVContact.m */,
				8084103D869C4776AD7838ED /* CDVContacts.h */,
				D1F386FB09794EC5834800C6 /* CDVContact.h */,
				5C2FE2FC2FD34A50B743A127 /* CDVDevice.m */,
				396CA20C718A41348F9D3681 /* CDVDevice.h */,
				84FA7E0B520943949E4B256E /* CDVAccelerometer.m */,
				148EEFD9C56E4BBFA582943D /* CDVAccelerometer.h */,
				D41BDED1C7BA42A7BC9BB2D8 /* CDVCompass.m */,
				518AFE9557964DF3B7707C54 /* CDVCompass.h */,
				1BEEE4C6F3B343298BEFABF1 /* CDVNotification.m */,
				E1DBD6500FED4FF28DEA7804 /* CDVNotification.h */,
				7DD3E0B4035545B8B5BC5478 /* CDVFile.m */,
				7EF812DE28074C5994680FEE /* CDVLocalFilesystem.m */,
				560CEFF8BC624E049E3F3382 /* CDVAssetLibraryFilesystem.m */,
				154FB62C59EE4B6BB548E97C /* CDVFile.h */,
				51EB25E9BD774A4DA2A016AA /* CDVLocalFilesystem.h */,
				99F51D3FAF7B4498BDC0229D /* CDVAssetLibraryFilesystem.h */,
				CA9F4892BB314B10985082E4 /* CDVFileTransfer.m */,
				16764976E621488C921AE824 /* CDVFileTransfer.h */,
				18AD8AA648EE4EC4B6A0272C /* CDVLocation.m */,
				FD3A9EBB30D14C6CB2DC804E /* CDVLocation.h */,
				C8BE62B700F64D1CB0F2C84C /* CDVGlobalization.m */,
				283F86B937D245369D6ADAD1 /* CDVGlobalization.h */,
				87DF2913C89E4F32B266FB75 /* CDVInAppBrowser.m */,
				E17138E8B7494D1588C97A1C /* CDVInAppBrowser.h */,
				86BEA38E820E498792FA25AA /* CDVSound.m */,
				500208113AB848EDB149B36F /* CDVSound.h */,
				439A5A7700BB457EB7F66F45 /* CDVCapture.m */,
				8C99429B6CDF4FFDB634AF0D /* CDVCapture.h */,
				BB2B7814A0DD455BBDDCBD78 /* CDVConnection.m */,
				A6F2576351DB4DB8A13D594C /* CDVReachability.m */,
				AAEBD39EDDCC44C392369070 /* CDVConnection.h */,
				1CAD9E0736AD4A3A81A1C515 /* CDVReachability.h */,
				755EDBA7EF89477A9943D929 /* CDVSplashScreen.m */,
				1A14CE90E76D4154B2F78B19 /* CDVViewController+SplashScreen.m */,
				71CC3B1369574BB2B741793A /* CDVSplashScreen.h */,
				B671EBAC4276404CA021A5BF /* CDVViewController+SplashScreen.h */,
				636088DB7A5D43CB9516161F /* CDVStatusBar.m */,
				06FDAE8831C64634A077482D /* CDVStatusBar.h */,
				1B91C3659E7B4FA0924C4A06 /* CDVVibration.m */,
				5495D8055054487EB528F445 /* CDVVibration.h */,
				2894FAA2C7264EF19E18F593 /* Diagnostic.m */,
				9B6F0BDE13DB4AACA5A729CA /* Diagnostic.h */,
			);
			name = Plugins;
			path = "Location Service Test/Plugins";
			sourceTree = SOURCE_ROOT;
		};
		EB87FDF11871DA420020F90C /* Staging */ = {
			isa = PBXGroup;
			children = (
				F840E1F0165FE0F500CFE078 /* config.xml */,
				301BF56E109A69640062928A /* www */,
			);
			name = Staging;
			sourceTree = "<group>";
		};
/* End PBXGroup section */

/* Begin PBXNativeTarget section */
		1D6058900D05DD3D006BFB54 /* Location Service Test */ = {
			isa = PBXNativeTarget;
			buildConfigurationList = 1D6058960D05DD3E006BFB54 /* Build configuration list for PBXNativeTarget "Location Service Test" */;
			buildPhases = (
				304B58A110DAC018002A0835 /* Copy www directory */,
				1D60588D0D05DD3D006BFB54 /* Resources */,
				1D60588E0D05DD3D006BFB54 /* Sources */,
				1D60588F0D05DD3D006BFB54 /* Frameworks */,
			);
			buildRules = (
			);
			dependencies = (
				301BF551109A68C00062928A /* PBXTargetDependency */,
			);
			name = "Location Service Test";
			productName = "Location Service Test";
			productReference = 1D6058910D05DD3D006BFB54 /* Location Service Test.app */;
			productType = "com.apple.product-type.application";
		};
/* End PBXNativeTarget section */

/* Begin PBXProject section */
		29B97313FDCFA39411CA2CEA /* Project object */ = {
			isa = PBXProject;
			attributes = {
				LastUpgradeCheck = 510;
			};
			buildConfigurationList = C01FCF4E08A954540054247B /* Build configuration list for PBXProject "__NON-CLI__" */;
			compatibilityVersion = "Xcode 3.2";
			developmentRegion = English;
			hasScannedForEncodings = 1;
			mainGroup = 29B97314FDCFA39411CA2CEA /* CustomTemplate */;
			projectDirPath = "";
			projectReferences = (
				{
					ProductGroup = 301BF52E109A57CC0062928A /* Products */;
					ProjectRef = 301BF52D109A57CC0062928A /* CordovaLib.xcodeproj */;
				},
			);
			projectRoot = "";
			targets = (
				1D6058900D05DD3D006BFB54 /* Location Service Test */,
			);
		};
/* End PBXProject section */

/* Begin PBXReferenceProxy section */
		301BF535109A57CC0062928A /* libCordova.a */ = {
			isa = PBXReferenceProxy;
			fileType = archive.ar;
			path = libCordova.a;
			remoteRef = 301BF534109A57CC0062928A /* PBXContainerItemProxy */;
			sourceTree = BUILT_PRODUCTS_DIR;
		};
/* End PBXReferenceProxy section */

/* Begin PBXResourcesBuildPhase section */
		1D60588D0D05DD3D006BFB54 /* Resources */ = {
			isa = PBXResourcesBuildPhase;
			buildActionMask = 2147483647;
			files = (
				302D95F214D2391D003F00A1 /* MainViewController.xib in Resources */,
				0207DA581B56EA530066E2B4 /* Images.xcassets in Resources */,
				6AFF5BF91D6E424B00AB3073 /* CDVLaunchScreen.storyboard in Resources */,
				55B22F1848C343D486CDF749 /* CDVNotification.bundle in Resources */,
				E4D309A6FEFB48D4BB938AAA /* CDVCapture.bundle in Resources */,
			);
			runOnlyForDeploymentPostprocessing = 0;
		};
/* End PBXResourcesBuildPhase section */

/* Begin PBXShellScriptBuildPhase section */
		304B58A110DAC018002A0835 /* Copy www directory */ = {
			isa = PBXShellScriptBuildPhase;
			buildActionMask = 2147483647;
			files = (
			);
			inputPaths = (
			);
			name = "Copy www directory";
			outputPaths = (
			);
			runOnlyForDeploymentPostprocessing = 0;
			shellPath = /bin/sh;
			shellScript = "NODEJS_PATH=/usr/local/bin; NVM_NODE_PATH=~/.nvm/versions/node/`nvm version 2>/dev/null`/bin; N_NODE_PATH=`find /usr/local/n/versions/node/* -maxdepth 0 -type d 2>/dev/null | tail -1`/bin; XCODE_NODE_PATH=`xcode-select --print-path`/usr/share/xcs/Node/bin; PATH=$NODEJS_PATH:$NVM_NODE_PATH:$N_NODE_PATH:$XCODE_NODE_PATH:$PATH && node cordova/lib/copy-www-build-step.js";
			showEnvVarsInLog = 0;
		};
/* End PBXShellScriptBuildPhase section */

/* Begin PBXSourcesBuildPhase section */
		1D60588E0D05DD3D006BFB54 /* Sources */ = {
			isa = PBXSourcesBuildPhase;
			buildActionMask = 2147483647;
			files = (
				1D60589B0D05DD56006BFB54 /* main.m in Sources */,
				1D3623260D0F684500981E51 /* AppDelegate.m in Sources */,
				302D95F114D2391D003F00A1 /* MainViewController.m in Sources */,
				82F59E4E87AB4EB4A01BFF32 /* CDVBattery.m in Sources */,
				4428C9AF2C4148899191F4F5 /* UIImage+CropScaleOrientation.m in Sources */,
				674C7335064C4818B6D3FDFE /* CDVCamera.m in Sources */,
				C91CB3F23C0C434B813D0892 /* CDVJpegHeaderWriter.m in Sources */,
				5B57C467A05049FD8DD83E2B /* CDVLogger.m in Sources */,
				8489F7B753434AD3AFAD4326 /* CDVContacts.m in Sources */,
				1051C26AAF0A4873BF9943B2 /* CDVContact.m in Sources */,
				1D6D4E10B8204F17BF23C7E0 /* CDVDevice.m in Sources */,
				FCF44F02B8BA434D9AB0C8DD /* CDVAccelerometer.m in Sources */,
				F8BF1005AAD3405EBDAE4292 /* CDVCompass.m in Sources */,
				D32763841DE94EC2A2EAE010 /* CDVNotification.m in Sources */,
				A348F5342C6D40A081B44034 /* CDVFile.m in Sources */,
				1B29A2C79D1D45F698A82F2F /* CDVLocalFilesystem.m in Sources */,
				0FC47DE8747943C983C66422 /* CDVAssetLibraryFilesystem.m in Sources */,
				3A79CC5A87C34B1A99BEF0E6 /* CDVFileTransfer.m in Sources */,
				B014F1A90E6E425A9C6C5881 /* CDVLocation.m in Sources */,
				1DEDCB43ADC24A3BB50680C9 /* CDVGlobalization.m in Sources */,
				444C022ACBD14B6E81A9F65A /* CDVInAppBrowser.m in Sources */,
				868E00568B6B42AE9200628F /* CDVSound.m in Sources */,
				36C44CBF7BC04469BD2B47CE /* CDVCapture.m in Sources */,
				A2FFD09190BD4CF08DEAD8F4 /* CDVConnection.m in Sources */,
				158E972563DA4C6AA9EC2959 /* CDVReachability.m in Sources */,
				49CD9F5B1C0248FDB357F423 /* CDVSplashScreen.m in Sources */,
				C5286613627C4464A7081C00 /* CDVViewController+SplashScreen.m in Sources */,
				EDFB1FB7055B4C808BD678B9 /* CDVStatusBar.m in Sources */,
				C6BFB53DC63249F8B7D39FDB /* CDVVibration.m in Sources */,
				52029CC67B3B477C94DC5ED9 /* Diagnostic.m in Sources */,
			);
			runOnlyForDeploymentPostprocessing = 0;
		};
/* End PBXSourcesBuildPhase section */

/* Begin PBXTargetDependency section */
		301BF551109A68C00062928A /* PBXTargetDependency */ = {
			isa = PBXTargetDependency;
			name = CordovaLib;
			targetProxy = 301BF550109A68C00062928A /* PBXContainerItemProxy */;
		};
/* End PBXTargetDependency section */

/* Begin XCBuildConfiguration section */
		1D6058940D05DD3E006BFB54 /* Debug */ = {
			isa = XCBuildConfiguration;
			baseConfigurationReference = 3047A50F1AB8059700498E2A /* build-debug.xcconfig */;
			buildSettings = {
				ALWAYS_SEARCH_USER_PATHS = NO;
				ASSETCATALOG_COMPILER_APPICON_NAME = AppIcon;
				ASSETCATALOG_COMPILER_LAUNCHIMAGE_NAME = LaunchImage;
				CLANG_ENABLE_MODULES = YES;
				CLANG_ENABLE_OBJC_ARC = YES;
				COPY_PHASE_STRIP = NO;
				GCC_DYNAMIC_NO_PIC = NO;
				GCC_OPTIMIZATION_LEVEL = 0;
				GCC_PRECOMPILE_PREFIX_HEADER = YES;
				GCC_PREFIX_HEADER = "Location Service Test/Location Service Test-Prefix.pch";
				GCC_THUMB_SUPPORT = NO;
				GCC_VERSION = "";
				INFOPLIST_FILE = "Location Service Test/Location Service Test-Info.plist";
				IPHONEOS_DEPLOYMENT_TARGET = 9.0;
				LD_RUNPATH_SEARCH_PATHS = "@executable_path/Frameworks";
				TARGETED_DEVICE_FAMILY = "1,2";
				PRODUCT_NAME = "Location Service Test";
			};
			name = Debug;
		};
		1D6058950D05DD3E006BFB54 /* Release */ = {
			isa = XCBuildConfiguration;
			baseConfigurationReference = 3047A5101AB8059700498E2A /* build-release.xcconfig */;
			buildSettings = {
				ALWAYS_SEARCH_USER_PATHS = NO;
				ASSETCATALOG_COMPILER_APPICON_NAME = AppIcon;
				ASSETCATALOG_COMPILER_LAUNCHIMAGE_NAME = LaunchImage;
				CLANG_ENABLE_MODULES = YES;
				CLANG_ENABLE_OBJC_ARC = YES;
				COPY_PHASE_STRIP = YES;
				GCC_PRECOMPILE_PREFIX_HEADER = YES;
				GCC_PREFIX_HEADER = "Location Service Test/Location Service Test-Prefix.pch";
				GCC_THUMB_SUPPORT = NO;
				GCC_VERSION = "";
				INFOPLIST_FILE = "Location Service Test/Location Service Test-Info.plist";
				IPHONEOS_DEPLOYMENT_TARGET = 9.0;
				LD_RUNPATH_SEARCH_PATHS = "@executable_path/Frameworks";
				TARGETED_DEVICE_FAMILY = "1,2";
				PRODUCT_NAME = "Location Service Test";
			};
			name = Release;
		};
		C01FCF4F08A954540054247B /* Debug */ = {
			isa = XCBuildConfiguration;
			baseConfigurationReference = 3047A5111AB8059700498E2A /* build.xcconfig */;
			buildSettings = {
				CLANG_ENABLE_MODULES = YES;
				CLANG_ENABLE_OBJC_ARC = YES;
				CLANG_WARN_BOOL_CONVERSION = YES;
				CLANG_WARN_CONSTANT_CONVERSION = YES;
				CLANG_WARN_EMPTY_BODY = YES;
				CLANG_WARN_ENUM_CONVERSION = YES;
				CLANG_WARN_INT_CONVERSION = YES;
				CLANG_WARN__DUPLICATE_METHOD_MATCH = YES;
				GCC_C_LANGUAGE_STANDARD = c99;
				GCC_THUMB_SUPPORT = NO;
				GCC_VERSION = "";
				GCC_WARN_ABOUT_RETURN_TYPE = YES;
				GCC_WARN_UNDECLARED_SELECTOR = YES;
				GCC_WARN_UNINITIALIZED_AUTOS = YES;
				GCC_WARN_UNUSED_FUNCTION = YES;
				GCC_WARN_UNUSED_VARIABLE = YES;
				ONLY_ACTIVE_ARCH = YES;
				SDKROOT = iphoneos;
				SKIP_INSTALL = NO;
				ASSETCATALOG_COMPILER_LAUNCHIMAGE_NAME = LaunchImage;
			};
			name = Debug;
		};
		C01FCF5008A954540054247B /* Release */ = {
			isa = XCBuildConfiguration;
			baseConfigurationReference = 3047A5111AB8059700498E2A /* build.xcconfig */;
			buildSettings = {
				CLANG_ENABLE_MODULES = YES;
				CLANG_ENABLE_OBJC_ARC = YES;
				CLANG_WARN_BOOL_CONVERSION = YES;
				CLANG_WARN_CONSTANT_CONVERSION = YES;
				CLANG_WARN_EMPTY_BODY = YES;
				CLANG_WARN_ENUM_CONVERSION = YES;
				CLANG_WARN_INT_CONVERSION = YES;
				CLANG_WARN__DUPLICATE_METHOD_MATCH = YES;
				GCC_C_LANGUAGE_STANDARD = c99;
				GCC_THUMB_SUPPORT = NO;
				GCC_VERSION = "";
				GCC_WARN_ABOUT_RETURN_TYPE = YES;
				GCC_WARN_UNDECLARED_SELECTOR = YES;
				GCC_WARN_UNINITIALIZED_AUTOS = YES;
				GCC_WARN_UNUSED_FUNCTION = YES;
				GCC_WARN_UNUSED_VARIABLE = YES;
				SDKROOT = iphoneos;
				SKIP_INSTALL = NO;
				ASSETCATALOG_COMPILER_LAUNCHIMAGE_NAME = LaunchImage;
			};
			name = Release;
		};
/* End XCBuildConfiguration section */

/* Begin XCConfigurationList section */
		1D6058960D05DD3E006BFB54 /* Build configuration list for PBXNativeTarget "Location Service Test" */ = {
			isa = XCConfigurationList;
			buildConfigurations = (
				1D6058940D05DD3E006BFB54 /* Debug */,
				1D6058950D05DD3E006BFB54 /* Release */,
			);
			defaultConfigurationIsVisible = 0;
			defaultConfigurationName = Release;
		};
		C01FCF4E08A954540054247B /* Build configuration list for PBXProject "__NON-CLI__" */ = {
			isa = XCConfigurationList;
			buildConfigurations = (
				C01FCF4F08A954540054247B /* Debug */,
				C01FCF5008A954540054247B /* Release */,
			);
			defaultConfigurationIsVisible = 0;
			defaultConfigurationName = Release;
		};
/* End XCConfigurationList section */
	};
	rootObject = 29B97313FDCFA39411CA2CEA /* Project object */;
}
